// !$*UTF8*$!
{
	archiveVersion = 1;
	classes = {
	};
	objectVersion = 50;
	objects = {

/* Begin PBXBuildFile section */
		F413EA9E25784E6100CA5BE2 /* Day2.swift in Sources */ = {isa = PBXBuildFile; fileRef = F413EA9D25784E6100CA5BE2 /* Day2.swift */; };
		F413EAA225784E6F00CA5BE2 /* Day2Tests.swift in Sources */ = {isa = PBXBuildFile; fileRef = F413EAA125784E6F00CA5BE2 /* Day2Tests.swift */; };
		F413EAB02578D2DD00CA5BE2 /* Day3.swift in Sources */ = {isa = PBXBuildFile; fileRef = F413EAAF2578D2DD00CA5BE2 /* Day3.swift */; };
		F413EAB62578D2EA00CA5BE2 /* Day3Tests.swift in Sources */ = {isa = PBXBuildFile; fileRef = F413EAB52578D2EA00CA5BE2 /* Day3Tests.swift */; };
		F413EABA2578D35700CA5BE2 /* Day3_MyInput.txt in Resources */ = {isa = PBXBuildFile; fileRef = F413EAB92578D35700CA5BE2 /* Day3_MyInput.txt */; };
		F413EAC02578DF3B00CA5BE2 /* Day3_Example.txt in Resources */ = {isa = PBXBuildFile; fileRef = F413EABF2578DF3B00CA5BE2 /* Day3_Example.txt */; };
		F413EACA2578EB8400CA5BE2 /* AoCTestCase.swift in Sources */ = {isa = PBXBuildFile; fileRef = F413EAC92578EB8400CA5BE2 /* AoCTestCase.swift */; };
		F448F5D2257E3DED00DFC858 /* Day7Tests.swift in Sources */ = {isa = PBXBuildFile; fileRef = F448F5D1257E3DED00DFC858 /* Day7Tests.swift */; };
		F448F5D8257E3DF400DFC858 /* Day7.swift in Sources */ = {isa = PBXBuildFile; fileRef = F448F5D7257E3DF400DFC858 /* Day7.swift */; };
		F448F5DD257E3DFE00DFC858 /* Day7_Example.txt in Resources */ = {isa = PBXBuildFile; fileRef = F448F5DB257E3DFE00DFC858 /* Day7_Example.txt */; };
		F448F5DE257E3DFE00DFC858 /* Day7_MyInput.txt in Resources */ = {isa = PBXBuildFile; fileRef = F448F5DC257E3DFE00DFC858 /* Day7_MyInput.txt */; };
		F448F5E4257E4D5B00DFC858 /* Day7_Example_Part2.txt in Resources */ = {isa = PBXBuildFile; fileRef = F448F5E3257E4D5B00DFC858 /* Day7_Example_Part2.txt */; };
		F461114B2583706000FCAC44 /* Day11.swift in Sources */ = {isa = PBXBuildFile; fileRef = F461114A2583706000FCAC44 /* Day11.swift */; };
		F461114D2583706600FCAC44 /* Day11Tests.swift in Sources */ = {isa = PBXBuildFile; fileRef = F461114C2583706600FCAC44 /* Day11Tests.swift */; };
		F46111502583707100FCAC44 /* Day11_MyInput.txt in Resources */ = {isa = PBXBuildFile; fileRef = F461114E2583707100FCAC44 /* Day11_MyInput.txt */; };
		F46111512583707100FCAC44 /* Day11_Example.txt in Resources */ = {isa = PBXBuildFile; fileRef = F461114F2583707100FCAC44 /* Day11_Example.txt */; };
		F48E7276257F607C005C2AFC /* Day8.swift in Sources */ = {isa = PBXBuildFile; fileRef = F48E7275257F607C005C2AFC /* Day8.swift */; };
		F48E727A257F6083005C2AFC /* Day8Tests.swift in Sources */ = {isa = PBXBuildFile; fileRef = F48E7279257F6083005C2AFC /* Day8Tests.swift */; };
		F48E7281257F608F005C2AFC /* Day8_MyInput.txt in Resources */ = {isa = PBXBuildFile; fileRef = F48E727F257F608F005C2AFC /* Day8_MyInput.txt */; };
		F48E7282257F608F005C2AFC /* Day8_Example.txt in Resources */ = {isa = PBXBuildFile; fileRef = F48E7280257F608F005C2AFC /* Day8_Example.txt */; };
		F48E729725802512005C2AFC /* Day9.swift in Sources */ = {isa = PBXBuildFile; fileRef = F48E729625802512005C2AFC /* Day9.swift */; };
		F48E729B2580251A005C2AFC /* Day9Tests.swift in Sources */ = {isa = PBXBuildFile; fileRef = F48E729A2580251A005C2AFC /* Day9Tests.swift */; };
		F48E72A22580252F005C2AFC /* Day9_Example.txt in Resources */ = {isa = PBXBuildFile; fileRef = F48E72A02580252F005C2AFC /* Day9_Example.txt */; };
		F48E72A32580252F005C2AFC /* Day9_MyInput.txt in Resources */ = {isa = PBXBuildFile; fileRef = F48E72A12580252F005C2AFC /* Day9_MyInput.txt */; };
		F4AB48062588F25100FFA63D /* Day15.swift in Sources */ = {isa = PBXBuildFile; fileRef = F4AB48052588F25100FFA63D /* Day15.swift */; };
		F4AB48082588F25900FFA63D /* Day15Tests.swift in Sources */ = {isa = PBXBuildFile; fileRef = F4AB48072588F25900FFA63D /* Day15Tests.swift */; };
		F4B5A8AA2578F54300091856 /* Day1_Example.txt in Resources */ = {isa = PBXBuildFile; fileRef = F4B5A8A62578F54300091856 /* Day1_Example.txt */; };
		F4B5A8AB2578F54300091856 /* Day1_MyInput.txt in Resources */ = {isa = PBXBuildFile; fileRef = F4B5A8A72578F54300091856 /* Day1_MyInput.txt */; };
		F4B5A8AC2578F54300091856 /* Day2_MyInput.txt in Resources */ = {isa = PBXBuildFile; fileRef = F4B5A8A82578F54300091856 /* Day2_MyInput.txt */; };
		F4B5A8AD2578F54300091856 /* Day2_Example.txt in Resources */ = {isa = PBXBuildFile; fileRef = F4B5A8A92578F54300091856 /* Day2_Example.txt */; };
		F4B5A8BA257A099200091856 /* Day4_Example.txt in Resources */ = {isa = PBXBuildFile; fileRef = F4B5A8B9257A099200091856 /* Day4_Example.txt */; };
		F4B5A8BE257A09B400091856 /* Day4_MyInput.txt in Resources */ = {isa = PBXBuildFile; fileRef = F4B5A8BD257A09B400091856 /* Day4_MyInput.txt */; };
		F4B5A8C2257A09CE00091856 /* Day4.swift in Sources */ = {isa = PBXBuildFile; fileRef = F4B5A8C1257A09CD00091856 /* Day4.swift */; };
		F4B5A8C6257A0A6F00091856 /* Day4Tests.swift in Sources */ = {isa = PBXBuildFile; fileRef = F4B5A8C5257A0A6F00091856 /* Day4Tests.swift */; };
		F4B5A8CE257A16BA00091856 /* Day4_Example_Part2.txt in Resources */ = {isa = PBXBuildFile; fileRef = F4B5A8CD257A16BA00091856 /* Day4_Example_Part2.txt */; };
		F4B5A8D6257B74E800091856 /* Day5.swift in Sources */ = {isa = PBXBuildFile; fileRef = F4B5A8D5257B74E800091856 /* Day5.swift */; };
		F4B5A8DA257B75B600091856 /* Day5_MyInput.txt in Resources */ = {isa = PBXBuildFile; fileRef = F4B5A8D9257B75B600091856 /* Day5_MyInput.txt */; };
		F4B5A8E0257B763400091856 /* Day5Tests.swift in Sources */ = {isa = PBXBuildFile; fileRef = F4B5A8DF257B763400091856 /* Day5Tests.swift */; };
		F4DBB222257CD13D00F3786F /* Day6.swift in Sources */ = {isa = PBXBuildFile; fileRef = F4DBB221257CD13D00F3786F /* Day6.swift */; };
		F4DBB228257CD19200F3786F /* Day6Tests.swift in Sources */ = {isa = PBXBuildFile; fileRef = F4DBB227257CD19200F3786F /* Day6Tests.swift */; };
		F4DBB22C257CD1CE00F3786F /* Day6_Example.txt in Resources */ = {isa = PBXBuildFile; fileRef = F4DBB22B257CD1CE00F3786F /* Day6_Example.txt */; };
		F4DBB232257CD1F100F3786F /* Day6_MyInput.txt in Resources */ = {isa = PBXBuildFile; fileRef = F4DBB231257CD1F100F3786F /* Day6_MyInput.txt */; };
		F4EC59C5258A1F3E0071E8BD /* Day16.swift in Sources */ = {isa = PBXBuildFile; fileRef = F4EC59C4258A1F3E0071E8BD /* Day16.swift */; };
		F4EC59C9258A1F470071E8BD /* Day16Tests.swift in Sources */ = {isa = PBXBuildFile; fileRef = F4EC59C8258A1F470071E8BD /* Day16Tests.swift */; };
		F4EC59CE258A1F580071E8BD /* Day16_Example.txt in Resources */ = {isa = PBXBuildFile; fileRef = F4EC59CC258A1F580071E8BD /* Day16_Example.txt */; };
		F4EC59CF258A1F580071E8BD /* Day16_MyInput.txt in Resources */ = {isa = PBXBuildFile; fileRef = F4EC59CD258A1F580071E8BD /* Day16_MyInput.txt */; };
		F4EC59D5258A2BFB0071E8BD /* Day16_Example_Part2.txt in Resources */ = {isa = PBXBuildFile; fileRef = F4EC59D4258A2BFB0071E8BD /* Day16_Example_Part2.txt */; };
		F4F63D472582174200D03263 /* Day10.swift in Sources */ = {isa = PBXBuildFile; fileRef = F4F63D462582174100D03263 /* Day10.swift */; };
		F4F63D4B2582174800D03263 /* Day10Tests.swift in Sources */ = {isa = PBXBuildFile; fileRef = F4F63D4A2582174800D03263 /* Day10Tests.swift */; };
		F4F63D4E2582175700D03263 /* Day10_Example.txt in Resources */ = {isa = PBXBuildFile; fileRef = F4F63D4C2582175600D03263 /* Day10_Example.txt */; };
		F4F63D4F2582175700D03263 /* Day10_MyInput.txt in Resources */ = {isa = PBXBuildFile; fileRef = F4F63D4D2582175700D03263 /* Day10_MyInput.txt */; };
		F4F63D552582535300D03263 /* Day10_Example_Part0.txt in Resources */ = {isa = PBXBuildFile; fileRef = F4F63D542582535300D03263 /* Day10_Example_Part0.txt */; };
		F4F63D5B2584C64800D03263 /* Day12.swift in Sources */ = {isa = PBXBuildFile; fileRef = F4F63D5A2584C64800D03263 /* Day12.swift */; };
		F4F63D5F2584C65000D03263 /* Day12Tests.swift in Sources */ = {isa = PBXBuildFile; fileRef = F4F63D5E2584C65000D03263 /* Day12Tests.swift */; };
		F4F63D662584C65E00D03263 /* Day12_Example.txt in Resources */ = {isa = PBXBuildFile; fileRef = F4F63D642584C65E00D03263 /* Day12_Example.txt */; };
		F4F63D672584C65E00D03263 /* Day12_MyInput.txt in Resources */ = {isa = PBXBuildFile; fileRef = F4F63D652584C65E00D03263 /* Day12_MyInput.txt */; };
		F4F63D7D25864F3B00D03263 /* Day13.swift in Sources */ = {isa = PBXBuildFile; fileRef = F4F63D7C25864F3A00D03263 /* Day13.swift */; };
		F4F63D8125864F4300D03263 /* Day13Tests.swift in Sources */ = {isa = PBXBuildFile; fileRef = F4F63D8025864F4300D03263 /* Day13Tests.swift */; };
		F4F63D8825864F5200D03263 /* Day13_Example.txt in Resources */ = {isa = PBXBuildFile; fileRef = F4F63D8625864F5200D03263 /* Day13_Example.txt */; };
		F4F63D8925864F5200D03263 /* Day13_MyInput.txt in Resources */ = {isa = PBXBuildFile; fileRef = F4F63D8725864F5200D03263 /* Day13_MyInput.txt */; };
		F4F63D8F2587E3E700D03263 /* Day14.swift in Sources */ = {isa = PBXBuildFile; fileRef = F4F63D8E2587E3E600D03263 /* Day14.swift */; };
		F4F63D932587E3EE00D03263 /* Day14Tests.swift in Sources */ = {isa = PBXBuildFile; fileRef = F4F63D922587E3EE00D03263 /* Day14Tests.swift */; };
		F4F63D9A2587E40000D03263 /* Day14_MyInput.txt in Resources */ = {isa = PBXBuildFile; fileRef = F4F63D982587E40000D03263 /* Day14_MyInput.txt */; };
		F4F63D9B2587E40000D03263 /* Day14_Example.txt in Resources */ = {isa = PBXBuildFile; fileRef = F4F63D992587E40000D03263 /* Day14_Example.txt */; };
		F4F63DA12587FEBB00D03263 /* Day14_Example_Part2.txt in Resources */ = {isa = PBXBuildFile; fileRef = F4F63DA02587FEBB00D03263 /* Day14_Example_Part2.txt */; };
		F4F746F025784934000F3978 /* AdventOfCode2020.framework in Frameworks */ = {isa = PBXBuildFile; fileRef = F4F746E625784933000F3978 /* AdventOfCode2020.framework */; };
		F4F747032578494E000F3978 /* Day1.swift in Sources */ = {isa = PBXBuildFile; fileRef = F4F747022578494E000F3978 /* Day1.swift */; };
		F4F7470725784961000F3978 /* Day1Tests.swift in Sources */ = {isa = PBXBuildFile; fileRef = F4F7470625784961000F3978 /* Day1Tests.swift */; };
/* End PBXBuildFile section */

/* Begin PBXContainerItemProxy section */
		F4F746F125784934000F3978 /* PBXContainerItemProxy */ = {
			isa = PBXContainerItemProxy;
			containerPortal = F4F746DD25784933000F3978 /* Project object */;
			proxyType = 1;
			remoteGlobalIDString = F4F746E525784933000F3978;
			remoteInfo = AdventOfCode2020;
		};
/* End PBXContainerItemProxy section */

/* Begin PBXFileReference section */
		F413EA9D25784E6100CA5BE2 /* Day2.swift */ = {isa = PBXFileReference; lastKnownFileType = sourcecode.swift; path = Day2.swift; sourceTree = "<group>"; };
		F413EAA125784E6F00CA5BE2 /* Day2Tests.swift */ = {isa = PBXFileReference; lastKnownFileType = sourcecode.swift; path = Day2Tests.swift; sourceTree = "<group>"; };
		F413EAAF2578D2DD00CA5BE2 /* Day3.swift */ = {isa = PBXFileReference; lastKnownFileType = sourcecode.swift; path = Day3.swift; sourceTree = "<group>"; };
		F413EAB52578D2EA00CA5BE2 /* Day3Tests.swift */ = {isa = PBXFileReference; lastKnownFileType = sourcecode.swift; path = Day3Tests.swift; sourceTree = "<group>"; };
		F413EAB92578D35700CA5BE2 /* Day3_MyInput.txt */ = {isa = PBXFileReference; lastKnownFileType = text; path = Day3_MyInput.txt; sourceTree = "<group>"; };
		F413EABF2578DF3B00CA5BE2 /* Day3_Example.txt */ = {isa = PBXFileReference; lastKnownFileType = text; path = Day3_Example.txt; sourceTree = "<group>"; };
		F413EAC92578EB8400CA5BE2 /* AoCTestCase.swift */ = {isa = PBXFileReference; lastKnownFileType = sourcecode.swift; path = AoCTestCase.swift; sourceTree = "<group>"; };
		F448F5D1257E3DED00DFC858 /* Day7Tests.swift */ = {isa = PBXFileReference; fileEncoding = 4; lastKnownFileType = sourcecode.swift; path = Day7Tests.swift; sourceTree = "<group>"; };
		F448F5D7257E3DF400DFC858 /* Day7.swift */ = {isa = PBXFileReference; fileEncoding = 4; lastKnownFileType = sourcecode.swift; path = Day7.swift; sourceTree = "<group>"; };
		F448F5DB257E3DFE00DFC858 /* Day7_Example.txt */ = {isa = PBXFileReference; fileEncoding = 4; lastKnownFileType = text; path = Day7_Example.txt; sourceTree = "<group>"; };
		F448F5DC257E3DFE00DFC858 /* Day7_MyInput.txt */ = {isa = PBXFileReference; fileEncoding = 4; lastKnownFileType = text; path = Day7_MyInput.txt; sourceTree = "<group>"; };
		F448F5E3257E4D5B00DFC858 /* Day7_Example_Part2.txt */ = {isa = PBXFileReference; lastKnownFileType = text; path = Day7_Example_Part2.txt; sourceTree = "<group>"; };
		F461114A2583706000FCAC44 /* Day11.swift */ = {isa = PBXFileReference; fileEncoding = 4; lastKnownFileType = sourcecode.swift; path = Day11.swift; sourceTree = "<group>"; };
		F461114C2583706600FCAC44 /* Day11Tests.swift */ = {isa = PBXFileReference; fileEncoding = 4; lastKnownFileType = sourcecode.swift; path = Day11Tests.swift; sourceTree = "<group>"; };
		F461114E2583707100FCAC44 /* Day11_MyInput.txt */ = {isa = PBXFileReference; fileEncoding = 4; lastKnownFileType = text; path = Day11_MyInput.txt; sourceTree = "<group>"; };
		F461114F2583707100FCAC44 /* Day11_Example.txt */ = {isa = PBXFileReference; fileEncoding = 4; lastKnownFileType = text; path = Day11_Example.txt; sourceTree = "<group>"; };
		F48E7275257F607C005C2AFC /* Day8.swift */ = {isa = PBXFileReference; fileEncoding = 4; lastKnownFileType = sourcecode.swift; path = Day8.swift; sourceTree = "<group>"; };
		F48E7279257F6083005C2AFC /* Day8Tests.swift */ = {isa = PBXFileReference; fileEncoding = 4; lastKnownFileType = sourcecode.swift; path = Day8Tests.swift; sourceTree = "<group>"; };
		F48E727F257F608F005C2AFC /* Day8_MyInput.txt */ = {isa = PBXFileReference; fileEncoding = 4; lastKnownFileType = text; path = Day8_MyInput.txt; sourceTree = "<group>"; };
		F48E7280257F608F005C2AFC /* Day8_Example.txt */ = {isa = PBXFileReference; fileEncoding = 4; lastKnownFileType = text; path = Day8_Example.txt; sourceTree = "<group>"; };
		F48E729625802512005C2AFC /* Day9.swift */ = {isa = PBXFileReference; fileEncoding = 4; lastKnownFileType = sourcecode.swift; path = Day9.swift; sourceTree = "<group>"; };
		F48E729A2580251A005C2AFC /* Day9Tests.swift */ = {isa = PBXFileReference; fileEncoding = 4; lastKnownFileType = sourcecode.swift; path = Day9Tests.swift; sourceTree = "<group>"; };
		F48E72A02580252F005C2AFC /* Day9_Example.txt */ = {isa = PBXFileReference; fileEncoding = 4; lastKnownFileType = text; path = Day9_Example.txt; sourceTree = "<group>"; };
		F48E72A12580252F005C2AFC /* Day9_MyInput.txt */ = {isa = PBXFileReference; fileEncoding = 4; lastKnownFileType = text; path = Day9_MyInput.txt; sourceTree = "<group>"; };
		F4AB48052588F25100FFA63D /* Day15.swift */ = {isa = PBXFileReference; fileEncoding = 4; lastKnownFileType = sourcecode.swift; path = Day15.swift; sourceTree = "<group>"; };
		F4AB48072588F25900FFA63D /* Day15Tests.swift */ = {isa = PBXFileReference; fileEncoding = 4; lastKnownFileType = sourcecode.swift; path = Day15Tests.swift; sourceTree = "<group>"; };
		F4B5A8A62578F54300091856 /* Day1_Example.txt */ = {isa = PBXFileReference; fileEncoding = 4; lastKnownFileType = text; path = Day1_Example.txt; sourceTree = "<group>"; };
		F4B5A8A72578F54300091856 /* Day1_MyInput.txt */ = {isa = PBXFileReference; fileEncoding = 4; lastKnownFileType = text; path = Day1_MyInput.txt; sourceTree = "<group>"; };
		F4B5A8A82578F54300091856 /* Day2_MyInput.txt */ = {isa = PBXFileReference; fileEncoding = 4; lastKnownFileType = text; path = Day2_MyInput.txt; sourceTree = "<group>"; };
		F4B5A8A92578F54300091856 /* Day2_Example.txt */ = {isa = PBXFileReference; fileEncoding = 4; lastKnownFileType = text; path = Day2_Example.txt; sourceTree = "<group>"; };
		F4B5A8B9257A099200091856 /* Day4_Example.txt */ = {isa = PBXFileReference; lastKnownFileType = text; path = Day4_Example.txt; sourceTree = "<group>"; };
		F4B5A8BD257A09B400091856 /* Day4_MyInput.txt */ = {isa = PBXFileReference; lastKnownFileType = text; path = Day4_MyInput.txt; sourceTree = "<group>"; };
		F4B5A8C1257A09CD00091856 /* Day4.swift */ = {isa = PBXFileReference; lastKnownFileType = sourcecode.swift; path = Day4.swift; sourceTree = "<group>"; };
		F4B5A8C5257A0A6F00091856 /* Day4Tests.swift */ = {isa = PBXFileReference; lastKnownFileType = sourcecode.swift; path = Day4Tests.swift; sourceTree = "<group>"; };
		F4B5A8CD257A16BA00091856 /* Day4_Example_Part2.txt */ = {isa = PBXFileReference; lastKnownFileType = text; path = Day4_Example_Part2.txt; sourceTree = "<group>"; };
		F4B5A8D5257B74E800091856 /* Day5.swift */ = {isa = PBXFileReference; lastKnownFileType = sourcecode.swift; path = Day5.swift; sourceTree = "<group>"; };
		F4B5A8D9257B75B600091856 /* Day5_MyInput.txt */ = {isa = PBXFileReference; lastKnownFileType = text; path = Day5_MyInput.txt; sourceTree = "<group>"; };
		F4B5A8DF257B763400091856 /* Day5Tests.swift */ = {isa = PBXFileReference; lastKnownFileType = sourcecode.swift; path = Day5Tests.swift; sourceTree = "<group>"; };
		F4DBB221257CD13D00F3786F /* Day6.swift */ = {isa = PBXFileReference; lastKnownFileType = sourcecode.swift; path = Day6.swift; sourceTree = "<group>"; };
		F4DBB227257CD19200F3786F /* Day6Tests.swift */ = {isa = PBXFileReference; lastKnownFileType = sourcecode.swift; path = Day6Tests.swift; sourceTree = "<group>"; };
		F4DBB22B257CD1CE00F3786F /* Day6_Example.txt */ = {isa = PBXFileReference; lastKnownFileType = text; path = Day6_Example.txt; sourceTree = "<group>"; };
		F4DBB231257CD1F100F3786F /* Day6_MyInput.txt */ = {isa = PBXFileReference; lastKnownFileType = text; path = Day6_MyInput.txt; sourceTree = "<group>"; };
		F4EC59C4258A1F3E0071E8BD /* Day16.swift */ = {isa = PBXFileReference; fileEncoding = 4; lastKnownFileType = sourcecode.swift; path = Day16.swift; sourceTree = "<group>"; };
		F4EC59C8258A1F470071E8BD /* Day16Tests.swift */ = {isa = PBXFileReference; fileEncoding = 4; lastKnownFileType = sourcecode.swift; path = Day16Tests.swift; sourceTree = "<group>"; };
		F4EC59CC258A1F580071E8BD /* Day16_Example.txt */ = {isa = PBXFileReference; fileEncoding = 4; lastKnownFileType = text; path = Day16_Example.txt; sourceTree = "<group>"; };
		F4EC59CD258A1F580071E8BD /* Day16_MyInput.txt */ = {isa = PBXFileReference; fileEncoding = 4; lastKnownFileType = text; path = Day16_MyInput.txt; sourceTree = "<group>"; };
		F4EC59D4258A2BFB0071E8BD /* Day16_Example_Part2.txt */ = {isa = PBXFileReference; lastKnownFileType = text; path = Day16_Example_Part2.txt; sourceTree = "<group>"; };
		F4F63D462582174100D03263 /* Day10.swift */ = {isa = PBXFileReference; fileEncoding = 4; lastKnownFileType = sourcecode.swift; path = Day10.swift; sourceTree = "<group>"; };
		F4F63D4A2582174800D03263 /* Day10Tests.swift */ = {isa = PBXFileReference; fileEncoding = 4; lastKnownFileType = sourcecode.swift; path = Day10Tests.swift; sourceTree = "<group>"; };
		F4F63D4C2582175600D03263 /* Day10_Example.txt */ = {isa = PBXFileReference; fileEncoding = 4; lastKnownFileType = text; path = Day10_Example.txt; sourceTree = "<group>"; };
		F4F63D4D2582175700D03263 /* Day10_MyInput.txt */ = {isa = PBXFileReference; fileEncoding = 4; lastKnownFileType = text; path = Day10_MyInput.txt; sourceTree = "<group>"; };
		F4F63D542582535300D03263 /* Day10_Example_Part0.txt */ = {isa = PBXFileReference; lastKnownFileType = text; path = Day10_Example_Part0.txt; sourceTree = "<group>"; };
		F4F63D5A2584C64800D03263 /* Day12.swift */ = {isa = PBXFileReference; fileEncoding = 4; lastKnownFileType = sourcecode.swift; path = Day12.swift; sourceTree = "<group>"; };
		F4F63D5E2584C65000D03263 /* Day12Tests.swift */ = {isa = PBXFileReference; fileEncoding = 4; lastKnownFileType = sourcecode.swift; path = Day12Tests.swift; sourceTree = "<group>"; };
		F4F63D642584C65E00D03263 /* Day12_Example.txt */ = {isa = PBXFileReference; fileEncoding = 4; lastKnownFileType = text; path = Day12_Example.txt; sourceTree = "<group>"; };
		F4F63D652584C65E00D03263 /* Day12_MyInput.txt */ = {isa = PBXFileReference; fileEncoding = 4; lastKnownFileType = text; path = Day12_MyInput.txt; sourceTree = "<group>"; };
		F4F63D7C25864F3A00D03263 /* Day13.swift */ = {isa = PBXFileReference; fileEncoding = 4; lastKnownFileType = sourcecode.swift; path = Day13.swift; sourceTree = "<group>"; };
		F4F63D8025864F4300D03263 /* Day13Tests.swift */ = {isa = PBXFileReference; fileEncoding = 4; lastKnownFileType = sourcecode.swift; path = Day13Tests.swift; sourceTree = "<group>"; };
		F4F63D8625864F5200D03263 /* Day13_Example.txt */ = {isa = PBXFileReference; fileEncoding = 4; lastKnownFileType = text; path = Day13_Example.txt; sourceTree = "<group>"; };
		F4F63D8725864F5200D03263 /* Day13_MyInput.txt */ = {isa = PBXFileReference; fileEncoding = 4; lastKnownFileType = text; path = Day13_MyInput.txt; sourceTree = "<group>"; };
		F4F63D8E2587E3E600D03263 /* Day14.swift */ = {isa = PBXFileReference; fileEncoding = 4; lastKnownFileType = sourcecode.swift; path = Day14.swift; sourceTree = "<group>"; };
		F4F63D922587E3EE00D03263 /* Day14Tests.swift */ = {isa = PBXFileReference; fileEncoding = 4; lastKnownFileType = sourcecode.swift; path = Day14Tests.swift; sourceTree = "<group>"; };
		F4F63D982587E40000D03263 /* Day14_MyInput.txt */ = {isa = PBXFileReference; fileEncoding = 4; lastKnownFileType = text; path = Day14_MyInput.txt; sourceTree = "<group>"; };
		F4F63D992587E40000D03263 /* Day14_Example.txt */ = {isa = PBXFileReference; fileEncoding = 4; lastKnownFileType = text; path = Day14_Example.txt; sourceTree = "<group>"; };
		F4F63DA02587FEBB00D03263 /* Day14_Example_Part2.txt */ = {isa = PBXFileReference; lastKnownFileType = text; path = Day14_Example_Part2.txt; sourceTree = "<group>"; };
		F4F746E625784933000F3978 /* AdventOfCode2020.framework */ = {isa = PBXFileReference; explicitFileType = wrapper.framework; includeInIndex = 0; path = AdventOfCode2020.framework; sourceTree = BUILT_PRODUCTS_DIR; };
		F4F746EA25784933000F3978 /* Info.plist */ = {isa = PBXFileReference; lastKnownFileType = text.plist.xml; path = Info.plist; sourceTree = "<group>"; };
		F4F746EF25784934000F3978 /* AdventOfCode2020Tests.xctest */ = {isa = PBXFileReference; explicitFileType = wrapper.cfbundle; includeInIndex = 0; path = AdventOfCode2020Tests.xctest; sourceTree = BUILT_PRODUCTS_DIR; };
		F4F746F625784934000F3978 /* Info.plist */ = {isa = PBXFileReference; lastKnownFileType = text.plist.xml; path = Info.plist; sourceTree = "<group>"; };
		F4F747022578494E000F3978 /* Day1.swift */ = {isa = PBXFileReference; lastKnownFileType = sourcecode.swift; path = Day1.swift; sourceTree = "<group>"; };
		F4F7470625784961000F3978 /* Day1Tests.swift */ = {isa = PBXFileReference; lastKnownFileType = sourcecode.swift; path = Day1Tests.swift; sourceTree = "<group>"; };
/* End PBXFileReference section */

/* Begin PBXFrameworksBuildPhase section */
		F4F746E325784933000F3978 /* Frameworks */ = {
			isa = PBXFrameworksBuildPhase;
			buildActionMask = 2147483647;
			files = (
			);
			runOnlyForDeploymentPostprocessing = 0;
		};
		F4F746EC25784934000F3978 /* Frameworks */ = {
			isa = PBXFrameworksBuildPhase;
			buildActionMask = 2147483647;
			files = (
				F4F746F025784934000F3978 /* AdventOfCode2020.framework in Frameworks */,
			);
			runOnlyForDeploymentPostprocessing = 0;
		};
/* End PBXFrameworksBuildPhase section */

/* Begin PBXGroup section */
		F4F746DC25784933000F3978 = {
			isa = PBXGroup;
			children = (
				F4F746E825784933000F3978 /* AdventOfCode2020 */,
				F4F746F325784934000F3978 /* AdventOfCode2020Tests */,
				F4F746E725784933000F3978 /* Products */,
			);
			sourceTree = "<group>";
		};
		F4F746E725784933000F3978 /* Products */ = {
			isa = PBXGroup;
			children = (
				F4F746E625784933000F3978 /* AdventOfCode2020.framework */,
				F4F746EF25784934000F3978 /* AdventOfCode2020Tests.xctest */,
			);
			name = Products;
			sourceTree = "<group>";
		};
		F4F746E825784933000F3978 /* AdventOfCode2020 */ = {
			isa = PBXGroup;
			children = (
				F4F747022578494E000F3978 /* Day1.swift */,
				F413EA9D25784E6100CA5BE2 /* Day2.swift */,
				F413EAAF2578D2DD00CA5BE2 /* Day3.swift */,
				F4B5A8C1257A09CD00091856 /* Day4.swift */,
				F4B5A8D5257B74E800091856 /* Day5.swift */,
				F4DBB221257CD13D00F3786F /* Day6.swift */,
				F448F5D7257E3DF400DFC858 /* Day7.swift */,
				F48E7275257F607C005C2AFC /* Day8.swift */,
				F48E729625802512005C2AFC /* Day9.swift */,
				F4F63D462582174100D03263 /* Day10.swift */,
				F461114A2583706000FCAC44 /* Day11.swift */,
				F4F63D5A2584C64800D03263 /* Day12.swift */,
				F4F63D7C25864F3A00D03263 /* Day13.swift */,
				F4F63D8E2587E3E600D03263 /* Day14.swift */,
				F4AB48052588F25100FFA63D /* Day15.swift */,
				F4EC59C4258A1F3E0071E8BD /* Day16.swift */,
				F4F746EA25784933000F3978 /* Info.plist */,
			);
			path = AdventOfCode2020;
			sourceTree = "<group>";
		};
		F4F746F325784934000F3978 /* AdventOfCode2020Tests */ = {
			isa = PBXGroup;
			children = (
				F4F7470625784961000F3978 /* Day1Tests.swift */,
				F413EAA125784E6F00CA5BE2 /* Day2Tests.swift */,
				F413EAB52578D2EA00CA5BE2 /* Day3Tests.swift */,
				F4B5A8C5257A0A6F00091856 /* Day4Tests.swift */,
				F4B5A8DF257B763400091856 /* Day5Tests.swift */,
				F4DBB227257CD19200F3786F /* Day6Tests.swift */,
				F448F5D1257E3DED00DFC858 /* Day7Tests.swift */,
				F48E7279257F6083005C2AFC /* Day8Tests.swift */,
				F48E729A2580251A005C2AFC /* Day9Tests.swift */,
				F4F63D4A2582174800D03263 /* Day10Tests.swift */,
				F461114C2583706600FCAC44 /* Day11Tests.swift */,
				F4F63D5E2584C65000D03263 /* Day12Tests.swift */,
				F4F63D8025864F4300D03263 /* Day13Tests.swift */,
				F4F63D922587E3EE00D03263 /* Day14Tests.swift */,
				F4AB48072588F25900FFA63D /* Day15Tests.swift */,
				F4EC59C8258A1F470071E8BD /* Day16Tests.swift */,
				F4F7470E257849F5000F3978 /* InputData */,
				F4F746F625784934000F3978 /* Info.plist */,
				F413EAC92578EB8400CA5BE2 /* AoCTestCase.swift */,
			);
			path = AdventOfCode2020Tests;
			sourceTree = "<group>";
		};
		F4F7470E257849F5000F3978 /* InputData */ = {
			isa = PBXGroup;
			children = (
				F4B5A8A62578F54300091856 /* Day1_Example.txt */,
				F4B5A8A72578F54300091856 /* Day1_MyInput.txt */,
				F4B5A8A92578F54300091856 /* Day2_Example.txt */,
				F4B5A8A82578F54300091856 /* Day2_MyInput.txt */,
				F413EABF2578DF3B00CA5BE2 /* Day3_Example.txt */,
				F413EAB92578D35700CA5BE2 /* Day3_MyInput.txt */,
				F4B5A8B9257A099200091856 /* Day4_Example.txt */,
				F4B5A8BD257A09B400091856 /* Day4_MyInput.txt */,
				F4B5A8CD257A16BA00091856 /* Day4_Example_Part2.txt */,
				F4B5A8D9257B75B600091856 /* Day5_MyInput.txt */,
				F4DBB22B257CD1CE00F3786F /* Day6_Example.txt */,
				F4DBB231257CD1F100F3786F /* Day6_MyInput.txt */,
				F448F5DB257E3DFE00DFC858 /* Day7_Example.txt */,
				F448F5DC257E3DFE00DFC858 /* Day7_MyInput.txt */,
				F448F5E3257E4D5B00DFC858 /* Day7_Example_Part2.txt */,
				F48E7280257F608F005C2AFC /* Day8_Example.txt */,
				F48E727F257F608F005C2AFC /* Day8_MyInput.txt */,
				F48E72A02580252F005C2AFC /* Day9_Example.txt */,
				F48E72A12580252F005C2AFC /* Day9_MyInput.txt */,
				F4F63D4C2582175600D03263 /* Day10_Example.txt */,
				F4F63D4D2582175700D03263 /* Day10_MyInput.txt */,
				F4F63D542582535300D03263 /* Day10_Example_Part0.txt */,
				F461114F2583707100FCAC44 /* Day11_Example.txt */,
				F461114E2583707100FCAC44 /* Day11_MyInput.txt */,
				F4F63D642584C65E00D03263 /* Day12_Example.txt */,
				F4F63D652584C65E00D03263 /* Day12_MyInput.txt */,
				F4F63D8625864F5200D03263 /* Day13_Example.txt */,
				F4F63D8725864F5200D03263 /* Day13_MyInput.txt */,
				F4F63D992587E40000D03263 /* Day14_Example.txt */,
				F4F63D982587E40000D03263 /* Day14_MyInput.txt */,
				F4F63DA02587FEBB00D03263 /* Day14_Example_Part2.txt */,
				F4EC59CC258A1F580071E8BD /* Day16_Example.txt */,
				F4EC59CD258A1F580071E8BD /* Day16_MyInput.txt */,
				F4EC59D4258A2BFB0071E8BD /* Day16_Example_Part2.txt */,
			);
			path = InputData;
			sourceTree = "<group>";
		};
/* End PBXGroup section */

/* Begin PBXHeadersBuildPhase section */
		F4F746E125784933000F3978 /* Headers */ = {
			isa = PBXHeadersBuildPhase;
			buildActionMask = 2147483647;
			files = (
			);
			runOnlyForDeploymentPostprocessing = 0;
		};
/* End PBXHeadersBuildPhase section */

/* Begin PBXNativeTarget section */
		F4F746E525784933000F3978 /* AdventOfCode2020 */ = {
			isa = PBXNativeTarget;
			buildConfigurationList = F4F746FA25784934000F3978 /* Build configuration list for PBXNativeTarget "AdventOfCode2020" */;
			buildPhases = (
				F4F746E125784933000F3978 /* Headers */,
				F4F746E225784933000F3978 /* Sources */,
				F4F746E325784933000F3978 /* Frameworks */,
				F4F746E425784933000F3978 /* Resources */,
			);
			buildRules = (
			);
			dependencies = (
			);
			name = AdventOfCode2020;
			productName = AdventOfCode2020;
			productReference = F4F746E625784933000F3978 /* AdventOfCode2020.framework */;
			productType = "com.apple.product-type.framework";
		};
		F4F746EE25784934000F3978 /* AdventOfCode2020Tests */ = {
			isa = PBXNativeTarget;
			buildConfigurationList = F4F746FD25784934000F3978 /* Build configuration list for PBXNativeTarget "AdventOfCode2020Tests" */;
			buildPhases = (
				F4F746EB25784934000F3978 /* Sources */,
				F4F746EC25784934000F3978 /* Frameworks */,
				F4F746ED25784934000F3978 /* Resources */,
			);
			buildRules = (
			);
			dependencies = (
				F4F746F225784934000F3978 /* PBXTargetDependency */,
			);
			name = AdventOfCode2020Tests;
			productName = AdventOfCode2020Tests;
			productReference = F4F746EF25784934000F3978 /* AdventOfCode2020Tests.xctest */;
			productType = "com.apple.product-type.bundle.unit-test";
		};
/* End PBXNativeTarget section */

/* Begin PBXProject section */
		F4F746DD25784933000F3978 /* Project object */ = {
			isa = PBXProject;
			attributes = {
				LastSwiftUpdateCheck = 1220;
				LastUpgradeCheck = 1220;
				TargetAttributes = {
					F4F746E525784933000F3978 = {
						CreatedOnToolsVersion = 12.2;
						LastSwiftMigration = 1220;
					};
					F4F746EE25784934000F3978 = {
						CreatedOnToolsVersion = 12.2;
					};
				};
			};
			buildConfigurationList = F4F746E025784933000F3978 /* Build configuration list for PBXProject "AdventOfCode2020" */;
			compatibilityVersion = "Xcode 9.3";
			developmentRegion = en;
			hasScannedForEncodings = 0;
			knownRegions = (
				en,
				Base,
			);
			mainGroup = F4F746DC25784933000F3978;
			productRefGroup = F4F746E725784933000F3978 /* Products */;
			projectDirPath = "";
			projectRoot = "";
			targets = (
				F4F746E525784933000F3978 /* AdventOfCode2020 */,
				F4F746EE25784934000F3978 /* AdventOfCode2020Tests */,
			);
		};
/* End PBXProject section */

/* Begin PBXResourcesBuildPhase section */
		F4F746E425784933000F3978 /* Resources */ = {
			isa = PBXResourcesBuildPhase;
			buildActionMask = 2147483647;
			files = (
			);
			runOnlyForDeploymentPostprocessing = 0;
		};
		F4F746ED25784934000F3978 /* Resources */ = {
			isa = PBXResourcesBuildPhase;
			buildActionMask = 2147483647;
			files = (
				F48E72A32580252F005C2AFC /* Day9_MyInput.txt in Resources */,
				F4F63D672584C65E00D03263 /* Day12_MyInput.txt in Resources */,
				F4F63D8925864F5200D03263 /* Day13_MyInput.txt in Resources */,
				F4F63D662584C65E00D03263 /* Day12_Example.txt in Resources */,
				F46111502583707100FCAC44 /* Day11_MyInput.txt in Resources */,
				F4EC59D5258A2BFB0071E8BD /* Day16_Example_Part2.txt in Resources */,
				F4F63D8825864F5200D03263 /* Day13_Example.txt in Resources */,
				F4B5A8DA257B75B600091856 /* Day5_MyInput.txt in Resources */,
				F4F63D9B2587E40000D03263 /* Day14_Example.txt in Resources */,
				F4F63D4F2582175700D03263 /* Day10_MyInput.txt in Resources */,
				F4B5A8AA2578F54300091856 /* Day1_Example.txt in Resources */,
				F4B5A8AC2578F54300091856 /* Day2_MyInput.txt in Resources */,
				F4F63D552582535300D03263 /* Day10_Example_Part0.txt in Resources */,
				F448F5E4257E4D5B00DFC858 /* Day7_Example_Part2.txt in Resources */,
				F48E72A22580252F005C2AFC /* Day9_Example.txt in Resources */,
				F4DBB232257CD1F100F3786F /* Day6_MyInput.txt in Resources */,
				F4EC59CE258A1F580071E8BD /* Day16_Example.txt in Resources */,
				F46111512583707100FCAC44 /* Day11_Example.txt in Resources */,
				F4DBB22C257CD1CE00F3786F /* Day6_Example.txt in Resources */,
				F448F5DD257E3DFE00DFC858 /* Day7_Example.txt in Resources */,
				F4F63D4E2582175700D03263 /* Day10_Example.txt in Resources */,
				F413EAC02578DF3B00CA5BE2 /* Day3_Example.txt in Resources */,
				F4B5A8BA257A099200091856 /* Day4_Example.txt in Resources */,
				F4F63D9A2587E40000D03263 /* Day14_MyInput.txt in Resources */,
				F48E7281257F608F005C2AFC /* Day8_MyInput.txt in Resources */,
				F4B5A8AB2578F54300091856 /* Day1_MyInput.txt in Resources */,
				F4B5A8CE257A16BA00091856 /* Day4_Example_Part2.txt in Resources */,
				F448F5DE257E3DFE00DFC858 /* Day7_MyInput.txt in Resources */,
				F4EC59CF258A1F580071E8BD /* Day16_MyInput.txt in Resources */,
				F4B5A8BE257A09B400091856 /* Day4_MyInput.txt in Resources */,
				F4F63DA12587FEBB00D03263 /* Day14_Example_Part2.txt in Resources */,
				F413EABA2578D35700CA5BE2 /* Day3_MyInput.txt in Resources */,
				F48E7282257F608F005C2AFC /* Day8_Example.txt in Resources */,
				F4B5A8AD2578F54300091856 /* Day2_Example.txt in Resources */,
			);
			runOnlyForDeploymentPostprocessing = 0;
		};
/* End PBXResourcesBuildPhase section */

/* Begin PBXSourcesBuildPhase section */
		F4F746E225784933000F3978 /* Sources */ = {
			isa = PBXSourcesBuildPhase;
			buildActionMask = 2147483647;
			files = (
				F4F747032578494E000F3978 /* Day1.swift in Sources */,
				F4DBB222257CD13D00F3786F /* Day6.swift in Sources */,
				F448F5D8257E3DF400DFC858 /* Day7.swift in Sources */,
				F48E7276257F607C005C2AFC /* Day8.swift in Sources */,
				F4F63D7D25864F3B00D03263 /* Day13.swift in Sources */,
				F4AB48062588F25100FFA63D /* Day15.swift in Sources */,
				F4B5A8D6257B74E800091856 /* Day5.swift in Sources */,
				F4F63D472582174200D03263 /* Day10.swift in Sources */,
				F4F63D8F2587E3E700D03263 /* Day14.swift in Sources */,
				F413EAB02578D2DD00CA5BE2 /* Day3.swift in Sources */,
				F413EA9E25784E6100CA5BE2 /* Day2.swift in Sources */,
				F4EC59C5258A1F3E0071E8BD /* Day16.swift in Sources */,
				F461114B2583706000FCAC44 /* Day11.swift in Sources */,
				F48E729725802512005C2AFC /* Day9.swift in Sources */,
				F4B5A8C2257A09CE00091856 /* Day4.swift in Sources */,
				F4F63D5B2584C64800D03263 /* Day12.swift in Sources */,
			);
			runOnlyForDeploymentPostprocessing = 0;
		};
		F4F746EB25784934000F3978 /* Sources */ = {
			isa = PBXSourcesBuildPhase;
			buildActionMask = 2147483647;
			files = (
				F4B5A8E0257B763400091856 /* Day5Tests.swift in Sources */,
				F4F63D4B2582174800D03263 /* Day10Tests.swift in Sources */,
				F4AB48082588F25900FFA63D /* Day15Tests.swift in Sources */,
				F4F7470725784961000F3978 /* Day1Tests.swift in Sources */,
				F448F5D2257E3DED00DFC858 /* Day7Tests.swift in Sources */,
				F4F63D8125864F4300D03263 /* Day13Tests.swift in Sources */,
				F48E727A257F6083005C2AFC /* Day8Tests.swift in Sources */,
				F4EC59C9258A1F470071E8BD /* Day16Tests.swift in Sources */,
				F48E729B2580251A005C2AFC /* Day9Tests.swift in Sources */,
				F4F63D932587E3EE00D03263 /* Day14Tests.swift in Sources */,
				F461114D2583706600FCAC44 /* Day11Tests.swift in Sources */,
				F413EAA225784E6F00CA5BE2 /* Day2Tests.swift in Sources */,
				F413EAB62578D2EA00CA5BE2 /* Day3Tests.swift in Sources */,
				F4B5A8C6257A0A6F00091856 /* Day4Tests.swift in Sources */,
				F4F63D5F2584C65000D03263 /* Day12Tests.swift in Sources */,
				F413EACA2578EB8400CA5BE2 /* AoCTestCase.swift in Sources */,
				F4DBB228257CD19200F3786F /* Day6Tests.swift in Sources */,
			);
			runOnlyForDeploymentPostprocessing = 0;
		};
/* End PBXSourcesBuildPhase section */

/* Begin PBXTargetDependency section */
		F4F746F225784934000F3978 /* PBXTargetDependency */ = {
			isa = PBXTargetDependency;
			target = F4F746E525784933000F3978 /* AdventOfCode2020 */;
			targetProxy = F4F746F125784934000F3978 /* PBXContainerItemProxy */;
		};
/* End PBXTargetDependency section */

/* Begin XCBuildConfiguration section */
		F4F746F825784934000F3978 /* Debug */ = {
			isa = XCBuildConfiguration;
			buildSettings = {
				ALWAYS_SEARCH_USER_PATHS = NO;
				CLANG_ANALYZER_NONNULL = YES;
				CLANG_ANALYZER_NUMBER_OBJECT_CONVERSION = YES_AGGRESSIVE;
				CLANG_CXX_LANGUAGE_STANDARD = "gnu++14";
				CLANG_CXX_LIBRARY = "libc++";
				CLANG_ENABLE_MODULES = YES;
				CLANG_ENABLE_OBJC_ARC = YES;
				CLANG_ENABLE_OBJC_WEAK = YES;
				CLANG_WARN_BLOCK_CAPTURE_AUTORELEASING = YES;
				CLANG_WARN_BOOL_CONVERSION = YES;
				CLANG_WARN_COMMA = YES;
				CLANG_WARN_CONSTANT_CONVERSION = YES;
				CLANG_WARN_DEPRECATED_OBJC_IMPLEMENTATIONS = YES;
				CLANG_WARN_DIRECT_OBJC_ISA_USAGE = YES_ERROR;
				CLANG_WARN_DOCUMENTATION_COMMENTS = YES;
				CLANG_WARN_EMPTY_BODY = YES;
				CLANG_WARN_ENUM_CONVERSION = YES;
				CLANG_WARN_INFINITE_RECURSION = YES;
				CLANG_WARN_INT_CONVERSION = YES;
				CLANG_WARN_NON_LITERAL_NULL_CONVERSION = YES;
				CLANG_WARN_OBJC_IMPLICIT_RETAIN_SELF = YES;
				CLANG_WARN_OBJC_LITERAL_CONVERSION = YES;
				CLANG_WARN_OBJC_ROOT_CLASS = YES_ERROR;
				CLANG_WARN_QUOTED_INCLUDE_IN_FRAMEWORK_HEADER = YES;
				CLANG_WARN_RANGE_LOOP_ANALYSIS = YES;
				CLANG_WARN_STRICT_PROTOTYPES = YES;
				CLANG_WARN_SUSPICIOUS_MOVE = YES;
				CLANG_WARN_UNGUARDED_AVAILABILITY = YES_AGGRESSIVE;
				CLANG_WARN_UNREACHABLE_CODE = YES;
				CLANG_WARN__DUPLICATE_METHOD_MATCH = YES;
				COPY_PHASE_STRIP = NO;
				CURRENT_PROJECT_VERSION = 1;
				DEBUG_INFORMATION_FORMAT = dwarf;
				ENABLE_STRICT_OBJC_MSGSEND = YES;
				ENABLE_TESTABILITY = YES;
				GCC_C_LANGUAGE_STANDARD = gnu11;
				GCC_DYNAMIC_NO_PIC = NO;
				GCC_NO_COMMON_BLOCKS = YES;
				GCC_OPTIMIZATION_LEVEL = 0;
				GCC_PREPROCESSOR_DEFINITIONS = (
					"DEBUG=1",
					"$(inherited)",
				);
				GCC_WARN_64_TO_32_BIT_CONVERSION = YES;
				GCC_WARN_ABOUT_RETURN_TYPE = YES_ERROR;
				GCC_WARN_UNDECLARED_SELECTOR = YES;
				GCC_WARN_UNINITIALIZED_AUTOS = YES_AGGRESSIVE;
				GCC_WARN_UNUSED_FUNCTION = YES;
				GCC_WARN_UNUSED_VARIABLE = YES;
				MACOSX_DEPLOYMENT_TARGET = 10.15;
				MTL_ENABLE_DEBUG_INFO = INCLUDE_SOURCE;
				MTL_FAST_MATH = YES;
				ONLY_ACTIVE_ARCH = YES;
				SDKROOT = macosx;
				SWIFT_ACTIVE_COMPILATION_CONDITIONS = DEBUG;
				SWIFT_OPTIMIZATION_LEVEL = "-Onone";
				VERSIONING_SYSTEM = "apple-generic";
				VERSION_INFO_PREFIX = "";
			};
			name = Debug;
		};
		F4F746F925784934000F3978 /* Release */ = {
			isa = XCBuildConfiguration;
			buildSettings = {
				ALWAYS_SEARCH_USER_PATHS = NO;
				CLANG_ANALYZER_NONNULL = YES;
				CLANG_ANALYZER_NUMBER_OBJECT_CONVERSION = YES_AGGRESSIVE;
				CLANG_CXX_LANGUAGE_STANDARD = "gnu++14";
				CLANG_CXX_LIBRARY = "libc++";
				CLANG_ENABLE_MODULES = YES;
				CLANG_ENABLE_OBJC_ARC = YES;
				CLANG_ENABLE_OBJC_WEAK = YES;
				CLANG_WARN_BLOCK_CAPTURE_AUTORELEASING = YES;
				CLANG_WARN_BOOL_CONVERSION = YES;
				CLANG_WARN_COMMA = YES;
				CLANG_WARN_CONSTANT_CONVERSION = YES;
				CLANG_WARN_DEPRECATED_OBJC_IMPLEMENTATIONS = YES;
				CLANG_WARN_DIRECT_OBJC_ISA_USAGE = YES_ERROR;
				CLANG_WARN_DOCUMENTATION_COMMENTS = YES;
				CLANG_WARN_EMPTY_BODY = YES;
				CLANG_WARN_ENUM_CONVERSION = YES;
				CLANG_WARN_INFINITE_RECURSION = YES;
				CLANG_WARN_INT_CONVERSION = YES;
				CLANG_WARN_NON_LITERAL_NULL_CONVERSION = YES;
				CLANG_WARN_OBJC_IMPLICIT_RETAIN_SELF = YES;
				CLANG_WARN_OBJC_LITERAL_CONVERSION = YES;
				CLANG_WARN_OBJC_ROOT_CLASS = YES_ERROR;
				CLANG_WARN_QUOTED_INCLUDE_IN_FRAMEWORK_HEADER = YES;
				CLANG_WARN_RANGE_LOOP_ANALYSIS = YES;
				CLANG_WARN_STRICT_PROTOTYPES = YES;
				CLANG_WARN_SUSPICIOUS_MOVE = YES;
				CLANG_WARN_UNGUARDED_AVAILABILITY = YES_AGGRESSIVE;
				CLANG_WARN_UNREACHABLE_CODE = YES;
				CLANG_WARN__DUPLICATE_METHOD_MATCH = YES;
				COPY_PHASE_STRIP = NO;
				CURRENT_PROJECT_VERSION = 1;
				DEBUG_INFORMATION_FORMAT = "dwarf-with-dsym";
				ENABLE_NS_ASSERTIONS = NO;
				ENABLE_STRICT_OBJC_MSGSEND = YES;
				GCC_C_LANGUAGE_STANDARD = gnu11;
				GCC_NO_COMMON_BLOCKS = YES;
				GCC_WARN_64_TO_32_BIT_CONVERSION = YES;
				GCC_WARN_ABOUT_RETURN_TYPE = YES_ERROR;
				GCC_WARN_UNDECLARED_SELECTOR = YES;
				GCC_WARN_UNINITIALIZED_AUTOS = YES_AGGRESSIVE;
				GCC_WARN_UNUSED_FUNCTION = YES;
				GCC_WARN_UNUSED_VARIABLE = YES;
				MACOSX_DEPLOYMENT_TARGET = 10.15;
				MTL_ENABLE_DEBUG_INFO = NO;
				MTL_FAST_MATH = YES;
				SDKROOT = macosx;
				SWIFT_COMPILATION_MODE = wholemodule;
				SWIFT_OPTIMIZATION_LEVEL = "-O";
				VERSIONING_SYSTEM = "apple-generic";
				VERSION_INFO_PREFIX = "";
			};
			name = Release;
		};
		F4F746FB25784934000F3978 /* Debug */ = {
			isa = XCBuildConfiguration;
			buildSettings = {
				CLANG_ENABLE_MODULES = YES;
				CODE_SIGN_STYLE = Automatic;
				COMBINE_HIDPI_IMAGES = YES;
				DEFINES_MODULE = YES;
				DEVELOPMENT_TEAM = 72QYCYTSY4;
				DYLIB_COMPATIBILITY_VERSION = 1;
				DYLIB_CURRENT_VERSION = 1;
				DYLIB_INSTALL_NAME_BASE = "@rpath";
				INFOPLIST_FILE = AdventOfCode2020/Info.plist;
				INSTALL_PATH = "$(LOCAL_LIBRARY_DIR)/Frameworks";
				LD_RUNPATH_SEARCH_PATHS = (
					"$(inherited)",
					"@executable_path/../Frameworks",
					"@loader_path/Frameworks",
				);
				PRODUCT_BUNDLE_IDENTIFIER = dev.simonfrost.AdventOfCode2020;
				PRODUCT_NAME = "$(TARGET_NAME:c99extidentifier)";
				SKIP_INSTALL = YES;
				SWIFT_OPTIMIZATION_LEVEL = "-Onone";
				SWIFT_VERSION = 5.0;
			};
			name = Debug;
		};
		F4F746FC25784934000F3978 /* Release */ = {
			isa = XCBuildConfiguration;
			buildSettings = {
				CLANG_ENABLE_MODULES = YES;
				CODE_SIGN_STYLE = Automatic;
				COMBINE_HIDPI_IMAGES = YES;
				DEFINES_MODULE = YES;
				DEVELOPMENT_TEAM = 72QYCYTSY4;
				DYLIB_COMPATIBILITY_VERSION = 1;
				DYLIB_CURRENT_VERSION = 1;
				DYLIB_INSTALL_NAME_BASE = "@rpath";
				ENABLE_TESTABILITY = YES;
				INFOPLIST_FILE = AdventOfCode2020/Info.plist;
				INSTALL_PATH = "$(LOCAL_LIBRARY_DIR)/Frameworks";
				LD_RUNPATH_SEARCH_PATHS = (
					"$(inherited)",
					"@executable_path/../Frameworks",
					"@loader_path/Frameworks",
				);
				PRODUCT_BUNDLE_IDENTIFIER = dev.simonfrost.AdventOfCode2020;
				PRODUCT_NAME = "$(TARGET_NAME:c99extidentifier)";
				SKIP_INSTALL = YES;
				SWIFT_VERSION = 5.0;
			};
			name = Release;
		};
		F4F746FE25784934000F3978 /* Debug */ = {
			isa = XCBuildConfiguration;
			buildSettings = {
				ALWAYS_EMBED_SWIFT_STANDARD_LIBRARIES = YES;
				CODE_SIGN_STYLE = Automatic;
				COMBINE_HIDPI_IMAGES = YES;
				DEVELOPMENT_TEAM = 72QYCYTSY4;
				INFOPLIST_FILE = AdventOfCode2020Tests/Info.plist;
				LD_RUNPATH_SEARCH_PATHS = (
					"$(inherited)",
					"@executable_path/../Frameworks",
					"@loader_path/../Frameworks",
				);
				PRODUCT_BUNDLE_IDENTIFIER = dev.simonfrost.AdventOfCode2020Tests;
				PRODUCT_NAME = "$(TARGET_NAME)";
				SWIFT_VERSION = 5.0;
			};
			name = Debug;
		};
		F4F746FF25784934000F3978 /* Release */ = {
			isa = XCBuildConfiguration;
			buildSettings = {
				ALWAYS_EMBED_SWIFT_STANDARD_LIBRARIES = YES;
				CODE_SIGN_STYLE = Automatic;
				COMBINE_HIDPI_IMAGES = YES;
				DEVELOPMENT_TEAM = 72QYCYTSY4;
				INFOPLIST_FILE = AdventOfCode2020Tests/Info.plist;
				LD_RUNPATH_SEARCH_PATHS = (
					"$(inherited)",
					"@executable_path/../Frameworks",
					"@loader_path/../Frameworks",
				);
				PRODUCT_BUNDLE_IDENTIFIER = dev.simonfrost.AdventOfCode2020Tests;
				PRODUCT_NAME = "$(TARGET_NAME)";
				SWIFT_VERSION = 5.0;
			};
			name = Release;
		};
/* End XCBuildConfiguration section */

/* Begin XCConfigurationList section */
		F4F746E025784933000F3978 /* Build configuration list for PBXProject "AdventOfCode2020" */ = {
			isa = XCConfigurationList;
			buildConfigurations = (
				F4F746F825784934000F3978 /* Debug */,
				F4F746F925784934000F3978 /* Release */,
			);
			defaultConfigurationIsVisible = 0;
			defaultConfigurationName = Release;
		};
		F4F746FA25784934000F3978 /* Build configuration list for PBXNativeTarget "AdventOfCode2020" */ = {
			isa = XCConfigurationList;
			buildConfigurations = (
				F4F746FB25784934000F3978 /* Debug */,
				F4F746FC25784934000F3978 /* Release */,
			);
			defaultConfigurationIsVisible = 0;
			defaultConfigurationName = Release;
		};
		F4F746FD25784934000F3978 /* Build configuration list for PBXNativeTarget "AdventOfCode2020Tests" */ = {
			isa = XCConfigurationList;
			buildConfigurations = (
				F4F746FE25784934000F3978 /* Debug */,
				F4F746FF25784934000F3978 /* Release */,
			);
			defaultConfigurationIsVisible = 0;
			defaultConfigurationName = Release;
		};
/* End XCConfigurationList section */
	};
	rootObject = F4F746DD25784933000F3978 /* Project object */;
}
